
Microsoft Visual Studio Solution File, Format Version 12.00
# Visual Studio Version 17
VisualStudioVersion = 17.6.33723.286
MinimumVisualStudioVersion = 10.0.40219.1
Project("{FAE04EC0-301F-11D3-BF4B-00C04F79EFBC}") = "GamesWeb", "GamesWeb\GamesWeb.csproj", "{A1E60187-F80D-436A-BCAA-6978DB94800B}"
EndProject
Global
	GlobalSection(SolutionConfigurationPlatforms) = preSolution
		Debug|Any CPU = Debug|Any CPU
		Release|Any CPU = Release|Any CPU
	EndGlobalSection
	GlobalSection(ProjectConfigurationPlatforms) = postSolution
		{A1E60187-F80D-436A-BCAA-6978DB94800B}.Debug|Any CPU.ActiveCfg = Debug|Any CPU
		{A1E60187-F80D-436A-BCAA-6978DB94800B}.Debug|Any CPU.Build.0 = Debug|Any CPU
		{A1E60187-F80D-436A-BCAA-6978DB94800B}.Release|Any CPU.ActiveCfg = Release|Any CPU
		{A1E60187-F80D-436A-BCAA-6978DB94800B}.Release|Any CPU.Build.0 = Release|Any CPU
	EndGlobalSection
	GlobalSection(SolutionProperties) = preSolution
		HideSolutionNode = FALSE
	EndGlobalSection
	GlobalSection(ExtensibilityGlobals) = postSolution
		SolutionGuid = {D18192A5-3C09-4CCF-A2FE-1411DA4A85A2}
	EndGlobalSection
EndGlobal
